
Microsoft Visual Studio Solution File, Format Version 12.00
# Visual Studio 15
VisualStudioVersion = 15.0.27130.2010
MinimumVisualStudioVersion = 10.0.40219.1
Project("{FAE04EC0-301F-11D3-BF4B-00C04F79EFBC}") = "StoredProcedures WithASPdotNET", "StoredProcedures WithASPdotNET\StoredProcedures WithASPdotNET.csproj", "{AF41EC40-0853-4B82-85F8-4CADCDC60BEE}"
EndProject
Global
	GlobalSection(SolutionConfigurationPlatforms) = preSolution
		Debug|Any CPU = Debug|Any CPU
		Release|Any CPU = Release|Any CPU
	EndGlobalSection
	GlobalSection(ProjectConfigurationPlatforms) = postSolution
		{AF41EC40-0853-4B82-85F8-4CADCDC60BEE}.Debug|Any CPU.ActiveCfg = Debug|Any CPU
		{AF41EC40-0853-4B82-85F8-4CADCDC60BEE}.Debug|Any CPU.Build.0 = Debug|Any CPU
		{AF41EC40-0853-4B82-85F8-4CADCDC60BEE}.Release|Any CPU.ActiveCfg = Release|Any CPU
		{AF41EC40-0853-4B82-85F8-4CADCDC60BEE}.Release|Any CPU.Build.0 = Release|Any CPU
	EndGlobalSection
	GlobalSection(SolutionProperties) = preSolution
		HideSolutionNode = FALSE
	EndGlobalSection
	GlobalSection(ExtensibilityGlobals) = postSolution
		SolutionGuid = {9599C0DB-E104-41E0-90F8-A69F24A7E777}
	EndGlobalSection
EndGlobal
